
Microsoft Visual Studio Solution File, Format Version 12.00
# Visual Studio Version 16
VisualStudioVersion = 16.0.28803.352
MinimumVisualStudioVersion = 10.0.40219.1
Project("{9A19103F-16F7-4668-BE54-9A1E7A4F7556}") = "Appinion.Helper", "Appinion.Helper\Appinion.Helper.csproj", "{B4F852C7-44A1-4BC5-9F73-76C66ACF484B}"
EndProject
Project("{9A19103F-16F7-4668-BE54-9A1E7A4F7556}") = "Appinion.Infrastructure", "Appinion.Infrastructure\Appinion.Infrastructure.csproj", "{B5A5F245-4CE6-4604-9EEA-4849AC101B44}"
EndProject
Project("{9A19103F-16F7-4668-BE54-9A1E7A4F7556}") = "Appinion.Domain", "Appinion.Domain\Appinion.Domain.csproj", "{AB00F338-B01F-4BD8-8B74-EA76A5B7A582}"
EndProject
Project("{9A19103F-16F7-4668-BE54-9A1E7A4F7556}") = "Appinion.ApplicationService", "Appinion.ApplicationService\Appinion.ApplicationService.csproj", "{9EFBF608-5B16-4C6B-A472-26361607A76B}"
EndProject
Project("{9A19103F-16F7-4668-BE54-9A1E7A4F7556}") = "Appinion.Api", "Appinion.Api\Appinion.Api.csproj", "{E33ED91D-BA7C-478E-853C-14C102D7D68D}"
EndProject
Global
	GlobalSection(SolutionConfigurationPlatforms) = preSolution
		Debug|Any CPU = Debug|Any CPU
		Release|Any CPU = Release|Any CPU
	EndGlobalSection
	GlobalSection(ProjectConfigurationPlatforms) = postSolution
		{B4F852C7-44A1-4BC5-9F73-76C66ACF484B}.Debug|Any CPU.ActiveCfg = Debug|Any CPU
		{B4F852C7-44A1-4BC5-9F73-76C66ACF484B}.Debug|Any CPU.Build.0 = Debug|Any CPU
		{B4F852C7-44A1-4BC5-9F73-76C66ACF484B}.Release|Any CPU.ActiveCfg = Release|Any CPU
		{B4F852C7-44A1-4BC5-9F73-76C66ACF484B}.Release|Any CPU.Build.0 = Release|Any CPU
		{B5A5F245-4CE6-4604-9EEA-4849AC101B44}.Debug|Any CPU.ActiveCfg = Debug|Any CPU
		{B5A5F245-4CE6-4604-9EEA-4849AC101B44}.Debug|Any CPU.Build.0 = Debug|Any CPU
		{B5A5F245-4CE6-4604-9EEA-4849AC101B44}.Release|Any CPU.ActiveCfg = Release|Any CPU
		{B5A5F245-4CE6-4604-9EEA-4849AC101B44}.Release|Any CPU.Build.0 = Release|Any CPU
		{AB00F338-B01F-4BD8-8B74-EA76A5B7A582}.Debug|Any CPU.ActiveCfg = Debug|Any CPU
		{AB00F338-B01F-4BD8-8B74-EA76A5B7A582}.Debug|Any CPU.Build.0 = Debug|Any CPU
		{AB00F338-B01F-4BD8-8B74-EA76A5B7A582}.Release|Any CPU.ActiveCfg = Release|Any CPU
		{AB00F338-B01F-4BD8-8B74-EA76A5B7A582}.Release|Any CPU.Build.0 = Release|Any CPU
		{9EFBF608-5B16-4C6B-A472-26361607A76B}.Debug|Any CPU.ActiveCfg = Debug|Any CPU
		{9EFBF608-5B16-4C6B-A472-26361607A76B}.Debug|Any CPU.Build.0 = Debug|Any CPU
		{9EFBF608-5B16-4C6B-A472-26361607A76B}.Release|Any CPU.ActiveCfg = Release|Any CPU
		{9EFBF608-5B16-4C6B-A472-26361607A76B}.Release|Any CPU.Build.0 = Release|Any CPU
		{E33ED91D-BA7C-478E-853C-14C102D7D68D}.Debug|Any CPU.ActiveCfg = Debug|Any CPU
		{E33ED91D-BA7C-478E-853C-14C102D7D68D}.Debug|Any CPU.Build.0 = Debug|Any CPU
		{E33ED91D-BA7C-478E-853C-14C102D7D68D}.Release|Any CPU.ActiveCfg = Release|Any CPU
		{E33ED91D-BA7C-478E-853C-14C102D7D68D}.Release|Any CPU.Build.0 = Release|Any CPU
	EndGlobalSection
	GlobalSection(SolutionProperties) = preSolution
		HideSolutionNode = FALSE
	EndGlobalSection
	GlobalSection(ExtensibilityGlobals) = postSolution
		SolutionGuid = {97F82461-40F2-4B28-A02B-D108702D03A9}
	EndGlobalSection
EndGlobal
